
Microsoft Visual Studio Solution File, Format Version 12.00
# Visual Studio Version 17
VisualStudioVersion = 17.9.34728.123
MinimumVisualStudioVersion = 10.0.40219.1
Project("{FAE04EC0-301F-11D3-BF4B-00C04F79EFBC}") = "WasmDemo", "WasmDemo\WasmDemo.csproj", "{0DA8CB9E-9DF7-4E15-8546-CECEF084EB5D}"
EndProject
Project("{FAE04EC0-301F-11D3-BF4B-00C04F79EFBC}") = "PwaWasmDemo", "PwaWasmDemo\PwaWasmDemo.csproj", "{6308FDD0-351D-42F0-8F5D-FE81B32EA6B0}"
EndProject
Global
	GlobalSection(SolutionConfigurationPlatforms) = preSolution
		Debug|Any CPU = Debug|Any CPU
		Release|Any CPU = Release|Any CPU
	EndGlobalSection
	GlobalSection(ProjectConfigurationPlatforms) = postSolution
		{0DA8CB9E-9DF7-4E15-8546-CECEF084EB5D}.Debug|Any CPU.ActiveCfg = Debug|Any CPU
		{0DA8CB9E-9DF7-4E15-8546-CECEF084EB5D}.Debug|Any CPU.Build.0 = Debug|Any CPU
		{0DA8CB9E-9DF7-4E15-8546-CECEF084EB5D}.Release|Any CPU.ActiveCfg = Release|Any CPU
		{0DA8CB9E-9DF7-4E15-8546-CECEF084EB5D}.Release|Any CPU.Build.0 = Release|Any CPU
		{6308FDD0-351D-42F0-8F5D-FE81B32EA6B0}.Debug|Any CPU.ActiveCfg = Debug|Any CPU
		{6308FDD0-351D-42F0-8F5D-FE81B32EA6B0}.Debug|Any CPU.Build.0 = Debug|Any CPU
		{6308FDD0-351D-42F0-8F5D-FE81B32EA6B0}.Release|Any CPU.ActiveCfg = Release|Any CPU
		{6308FDD0-351D-42F0-8F5D-FE81B32EA6B0}.Release|Any CPU.Build.0 = Release|Any CPU
	EndGlobalSection
	GlobalSection(SolutionProperties) = preSolution
		HideSolutionNode = FALSE
	EndGlobalSection
	GlobalSection(ExtensibilityGlobals) = postSolution
		SolutionGuid = {B39722A5-7581-48FF-9B14-D99F12BF11D2}
	EndGlobalSection
EndGlobal
